
Microsoft Visual Studio Solution File, Format Version 12.00
# Visual Studio 2013
VisualStudioVersion = 12.0.31101.0
MinimumVisualStudioVersion = 10.0.40219.1
Project("{2150E333-8FDC-42A3-9474-1A3956D46DE8}") = "TransitDatabaseFactory", "TransitDatabaseFactory", "{FD342282-11A1-4894-B529-6B4E1707C4F6}"
EndProject
Project("{2150E333-8FDC-42A3-9474-1A3956D46DE8}") = "TransitCore", "TransitCore", "{E7576A06-32EF-4F37-A787-D3FB2FF175AD}"
EndProject
Project("{FAE04EC0-301F-11D3-BF4B-00C04F79EFBC}") = "TransitBase", "TransitBase\TransitBase.csproj", "{EC29015B-1760-405B-85F4-996D92B70A2E}"
EndProject
Project("{FAE04EC0-301F-11D3-BF4B-00C04F79EFBC}") = "FastDatabaseLoader", "FastDatabaseLoader\FastDatabaseLoader.csproj", "{6BAE430E-5C7E-4612-8BA0-AF098F13E91C}"
EndProject
Project("{2150E333-8FDC-42A3-9474-1A3956D46DE8}") = "CityTransitApp", "CityTransitApp", "{7F58E90D-1DF6-4EAC-9F49-37A177FF764E}"
EndProject
Project("{D954291E-2A0B-460D-934E-DC6B0785DB48}") = "CityTransitApp.Shared", "CityTransitApp\CityTransitApp.Shared\CityTransitApp.Shared.shproj", "{18BC7BBA-1215-47AD-B5DE-FCAFA8DCC063}"
EndProject
Project("{FAE04EC0-301F-11D3-BF4B-00C04F79EFBC}") = "CityTransitApp.Windows", "CityTransitApp\CityTransitApp.Windows\CityTransitApp.Windows.csproj", "{40726D91-5E18-4B72-A1D5-4611D6B6A909}"
EndProject
Project("{FAE04EC0-301F-11D3-BF4B-00C04F79EFBC}") = "CityTransitApp.WindowsPhone", "CityTransitApp\CityTransitApp.WindowsPhone\CityTransitApp.WindowsPhone.csproj", "{A42B6AC9-6F04-4FAF-BAB9-F922FB4BE257}"
EndProject
Project("{2150E333-8FDC-42A3-9474-1A3956D46DE8}") = "PlannerComponent", "PlannerComponent", "{AC44647E-57D9-49C6-A0EB-854D030C6ED4}"
EndProject
Project("{8BC9CEB8-8B4A-11D0-8D11-00A0C91BC942}") = "PlannerComponent.Shared", "PlannerComponent\PlannerComponent.Shared\PlannerComponent.Shared.vcxitems", "{4EB46DCF-4415-406B-8F81-82EC12ABDE9D}"
EndProject
Project("{8BC9CEB8-8B4A-11D0-8D11-00A0C91BC942}") = "PlannerComponent.Windows", "PlannerComponent\PlannerComponent.Windows\PlannerComponent.Windows.vcxproj", "{42A6E44C-86F0-4601-923C-6E7CD6563CE6}"
EndProject
Project("{8BC9CEB8-8B4A-11D0-8D11-00A0C91BC942}") = "PlannerComponent.WindowsPhone", "PlannerComponent\PlannerComponent.WindowsPhone\PlannerComponent.WindowsPhone.vcxproj", "{570BCB6F-7BDA-452D-A955-E2B68F34E6E1}"
EndProject
Project("{FAE04EC0-301F-11D3-BF4B-00C04F79EFBC}") = "CityTransitBgTaskCS", "CityTransitBgTaskCS\CityTransitBgTaskCS.csproj", "{138AF87A-AC0B-41D7-B927-4F55D731BED7}"
EndProject
Project("{FAE04EC0-301F-11D3-BF4B-00C04F79EFBC}") = "CityTransitApp.WPSilverlight", "CityTransitApp.WPSilverlight\CityTransitApp.WPSilverlight.csproj", "{278F3967-EE24-4B3E-B79E-CB9EBCDC3C93}"
EndProject
Project("{FAE04EC0-301F-11D3-BF4B-00C04F79EFBC}") = "NetPortableServices", "NetPortableServices\NetPortableServices.csproj", "{FB13B557-64F9-4628-B0BA-C7D723D94A6A}"
EndProject
Project("{8BC9CEB8-8B4A-11D0-8D11-00A0C91BC942}") = "PlannerComponent.WP80", "PlannerComponent.WP80\PlannerComponent.WP80.vcxproj", "{E496EB70-212E-4B7D-898E-E81FBB3E8ED2}"
EndProject
Project("{FAE04EC0-301F-11D3-BF4B-00C04F79EFBC}") = "TransitBaseIntegrationConsole", "TransitBaseIntegrationConsole\TransitBaseIntegrationConsole.csproj", "{B7E1DB20-74EE-49E8-A48E-552ED9F1FCB9}"
EndProject
Project("{FAE04EC0-301F-11D3-BF4B-00C04F79EFBC}") = "TransitBaseIntegration", "TransitBaseIntegration\TransitBaseIntegration.csproj", "{C47C7EF0-3CA4-4699-9B84-94FA3ECA0C9D}"
EndProject
Project("{FAE04EC0-301F-11D3-BF4B-00C04F79EFBC}") = "PlannerComponent.Interface", "PlannerComponent.Interface\PlannerComponent.Interface.csproj", "{A520AD56-821E-4C36-86E0-E13EFC629986}"
EndProject
Project("{2150E333-8FDC-42A3-9474-1A3956D46DE8}") = "UserBase", "UserBase", "{65A0A605-7E02-4DA3-8B05-0FBDE5E63249}"
EndProject
Project("{FAE04EC0-301F-11D3-BF4B-00C04F79EFBC}") = "UserBase.Interface", "UserBase.Interface\UserBase.Interface.csproj", "{882C27E6-940A-4F41-AF21-CB52CA9392B2}"
EndProject
Project("{FAE04EC0-301F-11D3-BF4B-00C04F79EFBC}") = "UserBase.LinqToSQL", "UserBase.LinqToSQL\UserBase.LinqToSQL.csproj", "{1B29EA5B-FBD7-4B7B-A171-DDA2566FA01F}"
EndProject
Project("{FAE04EC0-301F-11D3-BF4B-00C04F79EFBC}") = "CityTransitApp.Common", "CityTransitApp.Common\CityTransitApp.Common.csproj", "{90A54291-A4C2-4920-A5B2-7A29C6B6061D}"
EndProject
Project("{FAE04EC0-301F-11D3-BF4B-00C04F79EFBC}") = "CityTransitAgent.WPSilverlight", "CityTransitAgent.WPSilverlight\CityTransitAgent.WPSilverlight.csproj", "{52E2A22D-8499-46AE-A48E-F4324E9E331D}"
EndProject
Project("{FAE04EC0-301F-11D3-BF4B-00C04F79EFBC}") = "TransitBaseIntegrationGUI", "TransitBaseIntegrationGUI\TransitBaseIntegrationGUI.csproj", "{758A3974-8586-4523-A558-771E17FFC501}"
EndProject
Project("{FAE04EC0-301F-11D3-BF4B-00C04F79EFBC}") = "FastDatabaseSaver", "FastDatabaseSaver\FastDatabaseSaver.csproj", "{27798E25-C44F-477A-8085-A2E221A06E98}"
EndProject
Project("{FAE04EC0-301F-11D3-BF4B-00C04F79EFBC}") = "TransitBaseTransformation", "TransitBaseTransformation\TransitBaseTransformation.csproj", "{0832E046-C01D-4F90-A2A4-1653C162BB0A}"
EndProject
Global
	GlobalSection(SharedMSBuildProjectFiles) = preSolution
		PlannerComponent\PlannerComponent.Shared\PlannerComponent.Shared.vcxitems*{4eb46dcf-4415-406b-8f81-82ec12abde9d}*SharedItemsImports = 9
		PlannerComponent\PlannerComponent.Shared\PlannerComponent.Shared.vcxitems*{42a6e44c-86f0-4601-923c-6e7cd6563ce6}*SharedItemsImports = 4
		PlannerComponent\PlannerComponent.Shared\PlannerComponent.Shared.vcxitems*{570bcb6f-7bda-452d-a955-e2b68f34e6e1}*SharedItemsImports = 4
		CityTransitApp\CityTransitApp.Shared\CityTransitApp.Shared.projitems*{18bc7bba-1215-47ad-b5de-fcafa8dcc063}*SharedItemsImports = 13
		CityTransitApp\CityTransitApp.Shared\CityTransitApp.Shared.projitems*{a42b6ac9-6f04-4faf-bab9-f922fb4be257}*SharedItemsImports = 4
		CityTransitApp\CityTransitApp.Shared\CityTransitApp.Shared.projitems*{40726d91-5e18-4b72-a1d5-4611d6b6a909}*SharedItemsImports = 4
	EndGlobalSection
	GlobalSection(SolutionConfigurationPlatforms) = preSolution
		Debug|Any CPU = Debug|Any CPU
		Debug|ARM = Debug|ARM
		Debug|Mixed Platforms = Debug|Mixed Platforms
		Debug|Win32 = Debug|Win32
		Debug|x64 = Debug|x64
		Debug|x86 = Debug|x86
		Release|Any CPU = Release|Any CPU
		Release|ARM = Release|ARM
		Release|Mixed Platforms = Release|Mixed Platforms
		Release|Win32 = Release|Win32
		Release|x64 = Release|x64
		Release|x86 = Release|x86
	EndGlobalSection
	GlobalSection(ProjectConfigurationPlatforms) = postSolution
		{EC29015B-1760-405B-85F4-996D92B70A2E}.Debug|Any CPU.ActiveCfg = Debug|Any CPU
		{EC29015B-1760-405B-85F4-996D92B70A2E}.Debug|Any CPU.Build.0 = Debug|Any CPU
		{EC29015B-1760-405B-85F4-996D92B70A2E}.Debug|ARM.ActiveCfg = Debug|Any CPU
		{EC29015B-1760-405B-85F4-996D92B70A2E}.Debug|ARM.Build.0 = Debug|Any CPU
		{EC29015B-1760-405B-85F4-996D92B70A2E}.Debug|Mixed Platforms.ActiveCfg = Debug|Any CPU
		{EC29015B-1760-405B-85F4-996D92B70A2E}.Debug|Mixed Platforms.Build.0 = Debug|Any CPU
		{EC29015B-1760-405B-85F4-996D92B70A2E}.Debug|Win32.ActiveCfg = Debug|Any CPU
		{EC29015B-1760-405B-85F4-996D92B70A2E}.Debug|Win32.Build.0 = Debug|Any CPU
		{EC29015B-1760-405B-85F4-996D92B70A2E}.Debug|x64.ActiveCfg = Debug|Any CPU
		{EC29015B-1760-405B-85F4-996D92B70A2E}.Debug|x86.ActiveCfg = Debug|Any CPU
		{EC29015B-1760-405B-85F4-996D92B70A2E}.Debug|x86.Build.0 = Debug|Any CPU
		{EC29015B-1760-405B-85F4-996D92B70A2E}.Release|Any CPU.ActiveCfg = Release|Any CPU
		{EC29015B-1760-405B-85F4-996D92B70A2E}.Release|Any CPU.Build.0 = Release|Any CPU
		{EC29015B-1760-405B-85F4-996D92B70A2E}.Release|ARM.ActiveCfg = Release|Any CPU
		{EC29015B-1760-405B-85F4-996D92B70A2E}.Release|ARM.Build.0 = Release|Any CPU
		{EC29015B-1760-405B-85F4-996D92B70A2E}.Release|Mixed Platforms.ActiveCfg = Release|Any CPU
		{EC29015B-1760-405B-85F4-996D92B70A2E}.Release|Mixed Platforms.Build.0 = Release|Any CPU
		{EC29015B-1760-405B-85F4-996D92B70A2E}.Release|Win32.ActiveCfg = Release|Any CPU
		{EC29015B-1760-405B-85F4-996D92B70A2E}.Release|Win32.Build.0 = Release|Any CPU
		{EC29015B-1760-405B-85F4-996D92B70A2E}.Release|x64.ActiveCfg = Release|Any CPU
		{EC29015B-1760-405B-85F4-996D92B70A2E}.Release|x64.Build.0 = Release|Any CPU
		{EC29015B-1760-405B-85F4-996D92B70A2E}.Release|x86.ActiveCfg = Release|Any CPU
		{EC29015B-1760-405B-85F4-996D92B70A2E}.Release|x86.Build.0 = Release|Any CPU
		{6BAE430E-5C7E-4612-8BA0-AF098F13E91C}.Debug|Any CPU.ActiveCfg = Debug|Any CPU
		{6BAE430E-5C7E-4612-8BA0-AF098F13E91C}.Debug|Any CPU.Build.0 = Debug|Any CPU
		{6BAE430E-5C7E-4612-8BA0-AF098F13E91C}.Debug|ARM.ActiveCfg = Debug|Any CPU
		{6BAE430E-5C7E-4612-8BA0-AF098F13E91C}.Debug|ARM.Build.0 = Debug|Any CPU
		{6BAE430E-5C7E-4612-8BA0-AF098F13E91C}.Debug|Mixed Platforms.ActiveCfg = Debug|Any CPU
		{6BAE430E-5C7E-4612-8BA0-AF098F13E91C}.Debug|Mixed Platforms.Build.0 = Debug|Any CPU
		{6BAE430E-5C7E-4612-8BA0-AF098F13E91C}.Debug|Win32.ActiveCfg = Debug|Any CPU
		{6BAE430E-5C7E-4612-8BA0-AF098F13E91C}.Debug|Win32.Build.0 = Debug|Any CPU
		{6BAE430E-5C7E-4612-8BA0-AF098F13E91C}.Debug|x64.ActiveCfg = Debug|Any CPU
		{6BAE430E-5C7E-4612-8BA0-AF098F13E91C}.Debug|x86.ActiveCfg = Debug|Any CPU
		{6BAE430E-5C7E-4612-8BA0-AF098F13E91C}.Debug|x86.Build.0 = Debug|Any CPU
		{6BAE430E-5C7E-4612-8BA0-AF098F13E91C}.Release|Any CPU.ActiveCfg = Release|Any CPU
		{6BAE430E-5C7E-4612-8BA0-AF098F13E91C}.Release|Any CPU.Build.0 = Release|Any CPU
		{6BAE430E-5C7E-4612-8BA0-AF098F13E91C}.Release|ARM.ActiveCfg = Release|Any CPU
		{6BAE430E-5C7E-4612-8BA0-AF098F13E91C}.Release|ARM.Build.0 = Release|Any CPU
		{6BAE430E-5C7E-4612-8BA0-AF098F13E91C}.Release|Mixed Platforms.ActiveCfg = Release|Any CPU
		{6BAE430E-5C7E-4612-8BA0-AF098F13E91C}.Release|Mixed Platforms.Build.0 = Release|Any CPU
		{6BAE430E-5C7E-4612-8BA0-AF098F13E91C}.Release|Win32.ActiveCfg = Release|Any CPU
		{6BAE430E-5C7E-4612-8BA0-AF098F13E91C}.Release|Win32.Build.0 = Release|Any CPU
		{6BAE430E-5C7E-4612-8BA0-AF098F13E91C}.Release|x64.ActiveCfg = Release|Any CPU
		{6BAE430E-5C7E-4612-8BA0-AF098F13E91C}.Release|x64.Build.0 = Release|Any CPU
		{6BAE430E-5C7E-4612-8BA0-AF098F13E91C}.Release|x86.ActiveCfg = Release|Any CPU
		{6BAE430E-5C7E-4612-8BA0-AF098F13E91C}.Release|x86.Build.0 = Release|Any CPU
		{40726D91-5E18-4B72-A1D5-4611D6B6A909}.Debug|Any CPU.ActiveCfg = Debug|Any CPU
		{40726D91-5E18-4B72-A1D5-4611D6B6A909}.Debug|Any CPU.Build.0 = Debug|Any CPU
		{40726D91-5E18-4B72-A1D5-4611D6B6A909}.Debug|Any CPU.Deploy.0 = Debug|Any CPU
		{40726D91-5E18-4B72-A1D5-4611D6B6A909}.Debug|ARM.ActiveCfg = Debug|ARM
		{40726D91-5E18-4B72-A1D5-4611D6B6A909}.Debug|ARM.Build.0 = Debug|ARM
		{40726D91-5E18-4B72-A1D5-4611D6B6A909}.Debug|ARM.Deploy.0 = Debug|ARM
		{40726D91-5E18-4B72-A1D5-4611D6B6A909}.Debug|Mixed Platforms.ActiveCfg = Debug|x86
		{40726D91-5E18-4B72-A1D5-4611D6B6A909}.Debug|Mixed Platforms.Build.0 = Debug|x86
		{40726D91-5E18-4B72-A1D5-4611D6B6A909}.Debug|Mixed Platforms.Deploy.0 = Debug|x86
		{40726D91-5E18-4B72-A1D5-4611D6B6A909}.Debug|Win32.ActiveCfg = Debug|x86
		{40726D91-5E18-4B72-A1D5-4611D6B6A909}.Debug|Win32.Build.0 = Debug|x86
		{40726D91-5E18-4B72-A1D5-4611D6B6A909}.Debug|Win32.Deploy.0 = Debug|x86
		{40726D91-5E18-4B72-A1D5-4611D6B6A909}.Debug|x64.ActiveCfg = Debug|x64
		{40726D91-5E18-4B72-A1D5-4611D6B6A909}.Debug|x64.Build.0 = Debug|x64
		{40726D91-5E18-4B72-A1D5-4611D6B6A909}.Debug|x64.Deploy.0 = Debug|x64
		{40726D91-5E18-4B72-A1D5-4611D6B6A909}.Debug|x86.ActiveCfg = Debug|x86
		{40726D91-5E18-4B72-A1D5-4611D6B6A909}.Debug|x86.Build.0 = Debug|x86
		{40726D91-5E18-4B72-A1D5-4611D6B6A909}.Debug|x86.Deploy.0 = Debug|x86
		{40726D91-5E18-4B72-A1D5-4611D6B6A909}.Release|Any CPU.ActiveCfg = Release|Any CPU
		{40726D91-5E18-4B72-A1D5-4611D6B6A909}.Release|Any CPU.Build.0 = Release|Any CPU
		{40726D91-5E18-4B72-A1D5-4611D6B6A909}.Release|Any CPU.Deploy.0 = Release|Any CPU
		{40726D91-5E18-4B72-A1D5-4611D6B6A909}.Release|ARM.ActiveCfg = Release|ARM
		{40726D91-5E18-4B72-A1D5-4611D6B6A909}.Release|ARM.Build.0 = Release|ARM
		{40726D91-5E18-4B72-A1D5-4611D6B6A909}.Release|ARM.Deploy.0 = Release|ARM
		{40726D91-5E18-4B72-A1D5-4611D6B6A909}.Release|Mixed Platforms.ActiveCfg = Release|x86
		{40726D91-5E18-4B72-A1D5-4611D6B6A909}.Release|Mixed Platforms.Build.0 = Release|x86
		{40726D91-5E18-4B72-A1D5-4611D6B6A909}.Release|Mixed Platforms.Deploy.0 = Release|x86
		{40726D91-5E18-4B72-A1D5-4611D6B6A909}.Release|Win32.ActiveCfg = Release|x86
		{40726D91-5E18-4B72-A1D5-4611D6B6A909}.Release|Win32.Build.0 = Release|x86
		{40726D91-5E18-4B72-A1D5-4611D6B6A909}.Release|Win32.Deploy.0 = Release|x86
		{40726D91-5E18-4B72-A1D5-4611D6B6A909}.Release|x64.ActiveCfg = Release|x64
		{40726D91-5E18-4B72-A1D5-4611D6B6A909}.Release|x64.Build.0 = Release|x64
		{40726D91-5E18-4B72-A1D5-4611D6B6A909}.Release|x64.Deploy.0 = Release|x64
		{40726D91-5E18-4B72-A1D5-4611D6B6A909}.Release|x86.ActiveCfg = Release|x86
		{40726D91-5E18-4B72-A1D5-4611D6B6A909}.Release|x86.Build.0 = Release|x86
		{40726D91-5E18-4B72-A1D5-4611D6B6A909}.Release|x86.Deploy.0 = Release|x86
		{A42B6AC9-6F04-4FAF-BAB9-F922FB4BE257}.Debug|Any CPU.ActiveCfg = Debug|Any CPU
		{A42B6AC9-6F04-4FAF-BAB9-F922FB4BE257}.Debug|Any CPU.Build.0 = Debug|Any CPU
		{A42B6AC9-6F04-4FAF-BAB9-F922FB4BE257}.Debug|Any CPU.Deploy.0 = Debug|Any CPU
		{A42B6AC9-6F04-4FAF-BAB9-F922FB4BE257}.Debug|ARM.ActiveCfg = Debug|ARM
		{A42B6AC9-6F04-4FAF-BAB9-F922FB4BE257}.Debug|ARM.Build.0 = Debug|ARM
		{A42B6AC9-6F04-4FAF-BAB9-F922FB4BE257}.Debug|ARM.Deploy.0 = Debug|ARM
		{A42B6AC9-6F04-4FAF-BAB9-F922FB4BE257}.Debug|Mixed Platforms.ActiveCfg = Debug|x86
		{A42B6AC9-6F04-4FAF-BAB9-F922FB4BE257}.Debug|Mixed Platforms.Build.0 = Debug|x86
		{A42B6AC9-6F04-4FAF-BAB9-F922FB4BE257}.Debug|Mixed Platforms.Deploy.0 = Debug|x86
		{A42B6AC9-6F04-4FAF-BAB9-F922FB4BE257}.Debug|Win32.ActiveCfg = Debug|x86
		{A42B6AC9-6F04-4FAF-BAB9-F922FB4BE257}.Debug|Win32.Build.0 = Debug|x86
		{A42B6AC9-6F04-4FAF-BAB9-F922FB4BE257}.Debug|Win32.Deploy.0 = Debug|x86
		{A42B6AC9-6F04-4FAF-BAB9-F922FB4BE257}.Debug|x64.ActiveCfg = Debug|Any CPU
		{A42B6AC9-6F04-4FAF-BAB9-F922FB4BE257}.Debug|x86.ActiveCfg = Debug|x86
		{A42B6AC9-6F04-4FAF-BAB9-F922FB4BE257}.Debug|x86.Build.0 = Debug|x86
		{A42B6AC9-6F04-4FAF-BAB9-F922FB4BE257}.Debug|x86.Deploy.0 = Debug|x86
		{A42B6AC9-6F04-4FAF-BAB9-F922FB4BE257}.Release|Any CPU.ActiveCfg = Release|Any CPU
		{A42B6AC9-6F04-4FAF-BAB9-F922FB4BE257}.Release|Any CPU.Build.0 = Release|Any CPU
		{A42B6AC9-6F04-4FAF-BAB9-F922FB4BE257}.Release|Any CPU.Deploy.0 = Release|Any CPU
		{A42B6AC9-6F04-4FAF-BAB9-F922FB4BE257}.Release|ARM.ActiveCfg = Release|ARM
		{A42B6AC9-6F04-4FAF-BAB9-F922FB4BE257}.Release|ARM.Build.0 = Release|ARM
		{A42B6AC9-6F04-4FAF-BAB9-F922FB4BE257}.Release|ARM.Deploy.0 = Release|ARM
		{A42B6AC9-6F04-4FAF-BAB9-F922FB4BE257}.Release|Mixed Platforms.ActiveCfg = Release|x86
		{A42B6AC9-6F04-4FAF-BAB9-F922FB4BE257}.Release|Mixed Platforms.Build.0 = Release|x86
		{A42B6AC9-6F04-4FAF-BAB9-F922FB4BE257}.Release|Mixed Platforms.Deploy.0 = Release|x86
		{A42B6AC9-6F04-4FAF-BAB9-F922FB4BE257}.Release|Win32.ActiveCfg = Release|x86
		{A42B6AC9-6F04-4FAF-BAB9-F922FB4BE257}.Release|Win32.Build.0 = Release|x86
		{A42B6AC9-6F04-4FAF-BAB9-F922FB4BE257}.Release|Win32.Deploy.0 = Release|x86
		{A42B6AC9-6F04-4FAF-BAB9-F922FB4BE257}.Release|x64.ActiveCfg = Release|Any CPU
		{A42B6AC9-6F04-4FAF-BAB9-F922FB4BE257}.Release|x64.Build.0 = Release|Any CPU
		{A42B6AC9-6F04-4FAF-BAB9-F922FB4BE257}.Release|x64.Deploy.0 = Release|Any CPU
		{A42B6AC9-6F04-4FAF-BAB9-F922FB4BE257}.Release|x86.ActiveCfg = Release|x86
		{A42B6AC9-6F04-4FAF-BAB9-F922FB4BE257}.Release|x86.Build.0 = Release|x86
		{A42B6AC9-6F04-4FAF-BAB9-F922FB4BE257}.Release|x86.Deploy.0 = Release|x86
		{42A6E44C-86F0-4601-923C-6E7CD6563CE6}.Debug|Any CPU.ActiveCfg = Debug|Win32
		{42A6E44C-86F0-4601-923C-6E7CD6563CE6}.Debug|ARM.ActiveCfg = Debug|ARM
		{42A6E44C-86F0-4601-923C-6E7CD6563CE6}.Debug|ARM.Build.0 = Debug|ARM
		{42A6E44C-86F0-4601-923C-6E7CD6563CE6}.Debug|Mixed Platforms.ActiveCfg = Debug|Win32
		{42A6E44C-86F0-4601-923C-6E7CD6563CE6}.Debug|Mixed Platforms.Build.0 = Debug|Win32
		{42A6E44C-86F0-4601-923C-6E7CD6563CE6}.Debug|Win32.ActiveCfg = Debug|Win32
		{42A6E44C-86F0-4601-923C-6E7CD6563CE6}.Debug|Win32.Build.0 = Debug|Win32
		{42A6E44C-86F0-4601-923C-6E7CD6563CE6}.Debug|x64.ActiveCfg = Debug|x64
		{42A6E44C-86F0-4601-923C-6E7CD6563CE6}.Debug|x64.Build.0 = Debug|x64
		{42A6E44C-86F0-4601-923C-6E7CD6563CE6}.Debug|x86.ActiveCfg = Debug|Win32
		{42A6E44C-86F0-4601-923C-6E7CD6563CE6}.Debug|x86.Build.0 = Debug|Win32
		{42A6E44C-86F0-4601-923C-6E7CD6563CE6}.Release|Any CPU.ActiveCfg = Release|Win32
		{42A6E44C-86F0-4601-923C-6E7CD6563CE6}.Release|ARM.ActiveCfg = Release|ARM
		{42A6E44C-86F0-4601-923C-6E7CD6563CE6}.Release|ARM.Build.0 = Release|ARM
		{42A6E44C-86F0-4601-923C-6E7CD6563CE6}.Release|Mixed Platforms.ActiveCfg = Release|Win32
		{42A6E44C-86F0-4601-923C-6E7CD6563CE6}.Release|Mixed Platforms.Build.0 = Release|Win32
		{42A6E44C-86F0-4601-923C-6E7CD6563CE6}.Release|Win32.ActiveCfg = Release|Win32
		{42A6E44C-86F0-4601-923C-6E7CD6563CE6}.Release|Win32.Build.0 = Release|Win32
		{42A6E44C-86F0-4601-923C-6E7CD6563CE6}.Release|x64.ActiveCfg = Release|x64
		{42A6E44C-86F0-4601-923C-6E7CD6563CE6}.Release|x64.Build.0 = Release|x64
		{42A6E44C-86F0-4601-923C-6E7CD6563CE6}.Release|x86.ActiveCfg = Release|Win32
		{42A6E44C-86F0-4601-923C-6E7CD6563CE6}.Release|x86.Build.0 = Release|Win32
		{570BCB6F-7BDA-452D-A955-E2B68F34E6E1}.Debug|Any CPU.ActiveCfg = Debug|Win32
		{570BCB6F-7BDA-452D-A955-E2B68F34E6E1}.Debug|ARM.ActiveCfg = Debug|ARM
		{570BCB6F-7BDA-452D-A955-E2B68F34E6E1}.Debug|ARM.Build.0 = Debug|ARM
		{570BCB6F-7BDA-452D-A955-E2B68F34E6E1}.Debug|Mixed Platforms.ActiveCfg = Debug|Win32
		{570BCB6F-7BDA-452D-A955-E2B68F34E6E1}.Debug|Mixed Platforms.Build.0 = Debug|Win32
		{570BCB6F-7BDA-452D-A955-E2B68F34E6E1}.Debug|Win32.ActiveCfg = Debug|Win32
		{570BCB6F-7BDA-452D-A955-E2B68F34E6E1}.Debug|Win32.Build.0 = Debug|Win32
		{570BCB6F-7BDA-452D-A955-E2B68F34E6E1}.Debug|x64.ActiveCfg = Debug|Win32
		{570BCB6F-7BDA-452D-A955-E2B68F34E6E1}.Debug|x86.ActiveCfg = Debug|Win32
		{570BCB6F-7BDA-452D-A955-E2B68F34E6E1}.Debug|x86.Build.0 = Debug|Win32
		{570BCB6F-7BDA-452D-A955-E2B68F34E6E1}.Release|Any CPU.ActiveCfg = Release|Win32
		{570BCB6F-7BDA-452D-A955-E2B68F34E6E1}.Release|ARM.ActiveCfg = Release|ARM
		{570BCB6F-7BDA-452D-A955-E2B68F34E6E1}.Release|ARM.Build.0 = Release|ARM
		{570BCB6F-7BDA-452D-A955-E2B68F34E6E1}.Release|Mixed Platforms.ActiveCfg = Release|Win32
		{570BCB6F-7BDA-452D-A955-E2B68F34E6E1}.Release|Mixed Platforms.Build.0 = Release|Win32
		{570BCB6F-7BDA-452D-A955-E2B68F34E6E1}.Release|Win32.ActiveCfg = Release|Win32
		{570BCB6F-7BDA-452D-A955-E2B68F34E6E1}.Release|Win32.Build.0 = Release|Win32
		{570BCB6F-7BDA-452D-A955-E2B68F34E6E1}.Release|x64.ActiveCfg = Release|Win32
		{570BCB6F-7BDA-452D-A955-E2B68F34E6E1}.Release|x86.ActiveCfg = Release|Win32
		{570BCB6F-7BDA-452D-A955-E2B68F34E6E1}.Release|x86.Build.0 = Release|Win32
		{138AF87A-AC0B-41D7-B927-4F55D731BED7}.Debug|Any CPU.ActiveCfg = Debug|Any CPU
		{138AF87A-AC0B-41D7-B927-4F55D731BED7}.Debug|Any CPU.Build.0 = Debug|Any CPU
		{138AF87A-AC0B-41D7-B927-4F55D731BED7}.Debug|ARM.ActiveCfg = Debug|ARM
		{138AF87A-AC0B-41D7-B927-4F55D731BED7}.Debug|ARM.Build.0 = Debug|ARM
		{138AF87A-AC0B-41D7-B927-4F55D731BED7}.Debug|Mixed Platforms.ActiveCfg = Debug|x86
		{138AF87A-AC0B-41D7-B927-4F55D731BED7}.Debug|Mixed Platforms.Build.0 = Debug|x86
		{138AF87A-AC0B-41D7-B927-4F55D731BED7}.Debug|Win32.ActiveCfg = Debug|x86
		{138AF87A-AC0B-41D7-B927-4F55D731BED7}.Debug|Win32.Build.0 = Debug|x86
		{138AF87A-AC0B-41D7-B927-4F55D731BED7}.Debug|x64.ActiveCfg = Debug|Any CPU
		{138AF87A-AC0B-41D7-B927-4F55D731BED7}.Debug|x86.ActiveCfg = Debug|x86
		{138AF87A-AC0B-41D7-B927-4F55D731BED7}.Debug|x86.Build.0 = Debug|x86
		{138AF87A-AC0B-41D7-B927-4F55D731BED7}.Release|Any CPU.ActiveCfg = Release|Any CPU
		{138AF87A-AC0B-41D7-B927-4F55D731BED7}.Release|Any CPU.Build.0 = Release|Any CPU
		{138AF87A-AC0B-41D7-B927-4F55D731BED7}.Release|ARM.ActiveCfg = Release|ARM
		{138AF87A-AC0B-41D7-B927-4F55D731BED7}.Release|ARM.Build.0 = Release|ARM
		{138AF87A-AC0B-41D7-B927-4F55D731BED7}.Release|Mixed Platforms.ActiveCfg = Release|x86
		{138AF87A-AC0B-41D7-B927-4F55D731BED7}.Release|Mixed Platforms.Build.0 = Release|x86
		{138AF87A-AC0B-41D7-B927-4F55D731BED7}.Release|Win32.ActiveCfg = Release|x86
		{138AF87A-AC0B-41D7-B927-4F55D731BED7}.Release|Win32.Build.0 = Release|x86
		{138AF87A-AC0B-41D7-B927-4F55D731BED7}.Release|x64.ActiveCfg = Release|Any CPU
		{138AF87A-AC0B-41D7-B927-4F55D731BED7}.Release|x86.ActiveCfg = Release|x86
		{138AF87A-AC0B-41D7-B927-4F55D731BED7}.Release|x86.Build.0 = Release|x86
		{278F3967-EE24-4B3E-B79E-CB9EBCDC3C93}.Debug|Any CPU.ActiveCfg = Debug|Any CPU
		{278F3967-EE24-4B3E-B79E-CB9EBCDC3C93}.Debug|Any CPU.Build.0 = Debug|Any CPU
		{278F3967-EE24-4B3E-B79E-CB9EBCDC3C93}.Debug|Any CPU.Deploy.0 = Debug|Any CPU
		{278F3967-EE24-4B3E-B79E-CB9EBCDC3C93}.Debug|ARM.ActiveCfg = Debug|ARM
		{278F3967-EE24-4B3E-B79E-CB9EBCDC3C93}.Debug|ARM.Build.0 = Debug|ARM
		{278F3967-EE24-4B3E-B79E-CB9EBCDC3C93}.Debug|ARM.Deploy.0 = Debug|ARM
		{278F3967-EE24-4B3E-B79E-CB9EBCDC3C93}.Debug|Mixed Platforms.ActiveCfg = Debug|x86
		{278F3967-EE24-4B3E-B79E-CB9EBCDC3C93}.Debug|Mixed Platforms.Build.0 = Debug|x86
		{278F3967-EE24-4B3E-B79E-CB9EBCDC3C93}.Debug|Mixed Platforms.Deploy.0 = Debug|x86
		{278F3967-EE24-4B3E-B79E-CB9EBCDC3C93}.Debug|Win32.ActiveCfg = Debug|x86
		{278F3967-EE24-4B3E-B79E-CB9EBCDC3C93}.Debug|Win32.Build.0 = Debug|x86
		{278F3967-EE24-4B3E-B79E-CB9EBCDC3C93}.Debug|Win32.Deploy.0 = Debug|x86
		{278F3967-EE24-4B3E-B79E-CB9EBCDC3C93}.Debug|x64.ActiveCfg = Debug|Any CPU
		{278F3967-EE24-4B3E-B79E-CB9EBCDC3C93}.Debug|x86.ActiveCfg = Debug|x86
		{278F3967-EE24-4B3E-B79E-CB9EBCDC3C93}.Debug|x86.Build.0 = Debug|x86
		{278F3967-EE24-4B3E-B79E-CB9EBCDC3C93}.Debug|x86.Deploy.0 = Debug|x86
		{278F3967-EE24-4B3E-B79E-CB9EBCDC3C93}.Release|Any CPU.ActiveCfg = Release|Any CPU
		{278F3967-EE24-4B3E-B79E-CB9EBCDC3C93}.Release|Any CPU.Build.0 = Release|Any CPU
		{278F3967-EE24-4B3E-B79E-CB9EBCDC3C93}.Release|Any CPU.Deploy.0 = Release|Any CPU
		{278F3967-EE24-4B3E-B79E-CB9EBCDC3C93}.Release|ARM.ActiveCfg = Release|ARM
		{278F3967-EE24-4B3E-B79E-CB9EBCDC3C93}.Release|ARM.Build.0 = Release|ARM
		{278F3967-EE24-4B3E-B79E-CB9EBCDC3C93}.Release|ARM.Deploy.0 = Release|ARM
		{278F3967-EE24-4B3E-B79E-CB9EBCDC3C93}.Release|Mixed Platforms.ActiveCfg = Release|x86
		{278F3967-EE24-4B3E-B79E-CB9EBCDC3C93}.Release|Mixed Platforms.Build.0 = Release|x86
		{278F3967-EE24-4B3E-B79E-CB9EBCDC3C93}.Release|Mixed Platforms.Deploy.0 = Release|x86
		{278F3967-EE24-4B3E-B79E-CB9EBCDC3C93}.Release|Win32.ActiveCfg = Release|x86
		{278F3967-EE24-4B3E-B79E-CB9EBCDC3C93}.Release|Win32.Build.0 = Release|x86
		{278F3967-EE24-4B3E-B79E-CB9EBCDC3C93}.Release|Win32.Deploy.0 = Release|x86
		{278F3967-EE24-4B3E-B79E-CB9EBCDC3C93}.Release|x64.ActiveCfg = Release|Any CPU
		{278F3967-EE24-4B3E-B79E-CB9EBCDC3C93}.Release|x86.ActiveCfg = Release|x86
		{278F3967-EE24-4B3E-B79E-CB9EBCDC3C93}.Release|x86.Build.0 = Release|x86
		{278F3967-EE24-4B3E-B79E-CB9EBCDC3C93}.Release|x86.Deploy.0 = Release|x86
		{FB13B557-64F9-4628-B0BA-C7D723D94A6A}.Debug|Any CPU.ActiveCfg = Debug|Any CPU
		{FB13B557-64F9-4628-B0BA-C7D723D94A6A}.Debug|Any CPU.Build.0 = Debug|Any CPU
		{FB13B557-64F9-4628-B0BA-C7D723D94A6A}.Debug|ARM.ActiveCfg = Debug|Any CPU
		{FB13B557-64F9-4628-B0BA-C7D723D94A6A}.Debug|Mixed Platforms.ActiveCfg = Debug|Any CPU
		{FB13B557-64F9-4628-B0BA-C7D723D94A6A}.Debug|Mixed Platforms.Build.0 = Debug|Any CPU
		{FB13B557-64F9-4628-B0BA-C7D723D94A6A}.Debug|Win32.ActiveCfg = Debug|Any CPU
		{FB13B557-64F9-4628-B0BA-C7D723D94A6A}.Debug|x64.ActiveCfg = Debug|Any CPU
		{FB13B557-64F9-4628-B0BA-C7D723D94A6A}.Debug|x86.ActiveCfg = Debug|Any CPU
		{FB13B557-64F9-4628-B0BA-C7D723D94A6A}.Release|Any CPU.ActiveCfg = Release|Any CPU
		{FB13B557-64F9-4628-B0BA-C7D723D94A6A}.Release|Any CPU.Build.0 = Release|Any CPU
		{FB13B557-64F9-4628-B0BA-C7D723D94A6A}.Release|ARM.ActiveCfg = Release|Any CPU
		{FB13B557-64F9-4628-B0BA-C7D723D94A6A}.Release|Mixed Platforms.ActiveCfg = Release|Any CPU
		{FB13B557-64F9-4628-B0BA-C7D723D94A6A}.Release|Mixed Platforms.Build.0 = Release|Any CPU
		{FB13B557-64F9-4628-B0BA-C7D723D94A6A}.Release|Win32.ActiveCfg = Release|Any CPU
		{FB13B557-64F9-4628-B0BA-C7D723D94A6A}.Release|Win32.Build.0 = Release|Any CPU
		{FB13B557-64F9-4628-B0BA-C7D723D94A6A}.Release|x64.ActiveCfg = Release|Any CPU
		{FB13B557-64F9-4628-B0BA-C7D723D94A6A}.Release|x86.ActiveCfg = Release|Any CPU
		{FB13B557-64F9-4628-B0BA-C7D723D94A6A}.Release|x86.Build.0 = Release|Any CPU
		{E496EB70-212E-4B7D-898E-E81FBB3E8ED2}.Debug|Any CPU.ActiveCfg = Debug|Win32
		{E496EB70-212E-4B7D-898E-E81FBB3E8ED2}.Debug|ARM.ActiveCfg = Debug|ARM
		{E496EB70-212E-4B7D-898E-E81FBB3E8ED2}.Debug|ARM.Build.0 = Debug|ARM
		{E496EB70-212E-4B7D-898E-E81FBB3E8ED2}.Debug|Mixed Platforms.ActiveCfg = Debug|Win32
		{E496EB70-212E-4B7D-898E-E81FBB3E8ED2}.Debug|Mixed Platforms.Build.0 = Debug|Win32
		{E496EB70-212E-4B7D-898E-E81FBB3E8ED2}.Debug|Win32.ActiveCfg = Debug|Win32
		{E496EB70-212E-4B7D-898E-E81FBB3E8ED2}.Debug|Win32.Build.0 = Debug|Win32
		{E496EB70-212E-4B7D-898E-E81FBB3E8ED2}.Debug|x64.ActiveCfg = Debug|Win32
		{E496EB70-212E-4B7D-898E-E81FBB3E8ED2}.Debug|x86.ActiveCfg = Debug|Win32
		{E496EB70-212E-4B7D-898E-E81FBB3E8ED2}.Debug|x86.Build.0 = Debug|Win32
		{E496EB70-212E-4B7D-898E-E81FBB3E8ED2}.Release|Any CPU.ActiveCfg = Release|Win32
		{E496EB70-212E-4B7D-898E-E81FBB3E8ED2}.Release|ARM.ActiveCfg = Release|ARM
		{E496EB70-212E-4B7D-898E-E81FBB3E8ED2}.Release|ARM.Build.0 = Release|ARM
		{E496EB70-212E-4B7D-898E-E81FBB3E8ED2}.Release|Mixed Platforms.ActiveCfg = Release|Win32
		{E496EB70-212E-4B7D-898E-E81FBB3E8ED2}.Release|Mixed Platforms.Build.0 = Release|Win32
		{E496EB70-212E-4B7D-898E-E81FBB3E8ED2}.Release|Win32.ActiveCfg = Release|Win32
		{E496EB70-212E-4B7D-898E-E81FBB3E8ED2}.Release|Win32.Build.0 = Release|Win32
		{E496EB70-212E-4B7D-898E-E81FBB3E8ED2}.Release|x64.ActiveCfg = Release|Win32
		{E496EB70-212E-4B7D-898E-E81FBB3E8ED2}.Release|x86.ActiveCfg = Release|Win32
		{E496EB70-212E-4B7D-898E-E81FBB3E8ED2}.Release|x86.Build.0 = Release|Win32
		{B7E1DB20-74EE-49E8-A48E-552ED9F1FCB9}.Debug|Any CPU.ActiveCfg = Debug|Any CPU
		{B7E1DB20-74EE-49E8-A48E-552ED9F1FCB9}.Debug|Any CPU.Build.0 = Debug|Any CPU
		{B7E1DB20-74EE-49E8-A48E-552ED9F1FCB9}.Debug|ARM.ActiveCfg = Debug|Any CPU
		{B7E1DB20-74EE-49E8-A48E-552ED9F1FCB9}.Debug|Mixed Platforms.ActiveCfg = Debug|Any CPU
		{B7E1DB20-74EE-49E8-A48E-552ED9F1FCB9}.Debug|Mixed Platforms.Build.0 = Debug|Any CPU
		{B7E1DB20-74EE-49E8-A48E-552ED9F1FCB9}.Debug|Win32.ActiveCfg = Debug|Any CPU
		{B7E1DB20-74EE-49E8-A48E-552ED9F1FCB9}.Debug|x64.ActiveCfg = Debug|Any CPU
		{B7E1DB20-74EE-49E8-A48E-552ED9F1FCB9}.Debug|x86.ActiveCfg = Debug|Any CPU
		{B7E1DB20-74EE-49E8-A48E-552ED9F1FCB9}.Release|Any CPU.ActiveCfg = Release|Any CPU
		{B7E1DB20-74EE-49E8-A48E-552ED9F1FCB9}.Release|Any CPU.Build.0 = Release|Any CPU
		{B7E1DB20-74EE-49E8-A48E-552ED9F1FCB9}.Release|ARM.ActiveCfg = Release|Any CPU
		{B7E1DB20-74EE-49E8-A48E-552ED9F1FCB9}.Release|Mixed Platforms.ActiveCfg = Release|Any CPU
		{B7E1DB20-74EE-49E8-A48E-552ED9F1FCB9}.Release|Mixed Platforms.Build.0 = Release|Any CPU
		{B7E1DB20-74EE-49E8-A48E-552ED9F1FCB9}.Release|Win32.ActiveCfg = Release|Any CPU
		{B7E1DB20-74EE-49E8-A48E-552ED9F1FCB9}.Release|x64.ActiveCfg = Release|Any CPU
		{B7E1DB20-74EE-49E8-A48E-552ED9F1FCB9}.Release|x86.ActiveCfg = Release|Any CPU
		{C47C7EF0-3CA4-4699-9B84-94FA3ECA0C9D}.Debug|Any CPU.ActiveCfg = Debug|Any CPU
		{C47C7EF0-3CA4-4699-9B84-94FA3ECA0C9D}.Debug|Any CPU.Build.0 = Debug|Any CPU
		{C47C7EF0-3CA4-4699-9B84-94FA3ECA0C9D}.Debug|ARM.ActiveCfg = Debug|Any CPU
		{C47C7EF0-3CA4-4699-9B84-94FA3ECA0C9D}.Debug|Mixed Platforms.ActiveCfg = Debug|Any CPU
		{C47C7EF0-3CA4-4699-9B84-94FA3ECA0C9D}.Debug|Mixed Platforms.Build.0 = Debug|Any CPU
		{C47C7EF0-3CA4-4699-9B84-94FA3ECA0C9D}.Debug|Win32.ActiveCfg = Debug|Any CPU
		{C47C7EF0-3CA4-4699-9B84-94FA3ECA0C9D}.Debug|x64.ActiveCfg = Debug|Any CPU
		{C47C7EF0-3CA4-4699-9B84-94FA3ECA0C9D}.Debug|x86.ActiveCfg = Debug|Any CPU
		{C47C7EF0-3CA4-4699-9B84-94FA3ECA0C9D}.Release|Any CPU.ActiveCfg = Release|Any CPU
		{C47C7EF0-3CA4-4699-9B84-94FA3ECA0C9D}.Release|Any CPU.Build.0 = Release|Any CPU
		{C47C7EF0-3CA4-4699-9B84-94FA3ECA0C9D}.Release|ARM.ActiveCfg = Release|Any CPU
		{C47C7EF0-3CA4-4699-9B84-94FA3ECA0C9D}.Release|Mixed Platforms.ActiveCfg = Release|Any CPU
		{C47C7EF0-3CA4-4699-9B84-94FA3ECA0C9D}.Release|Mixed Platforms.Build.0 = Release|Any CPU
		{C47C7EF0-3CA4-4699-9B84-94FA3ECA0C9D}.Release|Win32.ActiveCfg = Release|Any CPU
		{C47C7EF0-3CA4-4699-9B84-94FA3ECA0C9D}.Release|x64.ActiveCfg = Release|Any CPU
		{C47C7EF0-3CA4-4699-9B84-94FA3ECA0C9D}.Release|x86.ActiveCfg = Release|Any CPU
		{A520AD56-821E-4C36-86E0-E13EFC629986}.Debug|Any CPU.ActiveCfg = Debug|Any CPU
		{A520AD56-821E-4C36-86E0-E13EFC629986}.Debug|Any CPU.Build.0 = Debug|Any CPU
		{A520AD56-821E-4C36-86E0-E13EFC629986}.Debug|ARM.ActiveCfg = Debug|Any CPU
		{A520AD56-821E-4C36-86E0-E13EFC629986}.Debug|Mixed Platforms.ActiveCfg = Debug|Any CPU
		{A520AD56-821E-4C36-86E0-E13EFC629986}.Debug|Mixed Platforms.Build.0 = Debug|Any CPU
		{A520AD56-821E-4C36-86E0-E13EFC629986}.Debug|Win32.ActiveCfg = Debug|Any CPU
		{A520AD56-821E-4C36-86E0-E13EFC629986}.Debug|x64.ActiveCfg = Debug|Any CPU
		{A520AD56-821E-4C36-86E0-E13EFC629986}.Debug|x86.ActiveCfg = Debug|Any CPU
		{A520AD56-821E-4C36-86E0-E13EFC629986}.Release|Any CPU.ActiveCfg = Release|Any CPU
		{A520AD56-821E-4C36-86E0-E13EFC629986}.Release|Any CPU.Build.0 = Release|Any CPU
		{A520AD56-821E-4C36-86E0-E13EFC629986}.Release|ARM.ActiveCfg = Release|Any CPU
		{A520AD56-821E-4C36-86E0-E13EFC629986}.Release|Mixed Platforms.ActiveCfg = Release|Any CPU
		{A520AD56-821E-4C36-86E0-E13EFC629986}.Release|Mixed Platforms.Build.0 = Release|Any CPU
		{A520AD56-821E-4C36-86E0-E13EFC629986}.Release|Win32.ActiveCfg = Release|Any CPU
		{A520AD56-821E-4C36-86E0-E13EFC629986}.Release|Win32.Build.0 = Release|Any CPU
		{A520AD56-821E-4C36-86E0-E13EFC629986}.Release|x64.ActiveCfg = Release|Any CPU
		{A520AD56-821E-4C36-86E0-E13EFC629986}.Release|x86.ActiveCfg = Release|Any CPU
		{A520AD56-821E-4C36-86E0-E13EFC629986}.Release|x86.Build.0 = Release|Any CPU
		{882C27E6-940A-4F41-AF21-CB52CA9392B2}.Debug|Any CPU.ActiveCfg = Debug|Any CPU
		{882C27E6-940A-4F41-AF21-CB52CA9392B2}.Debug|Any CPU.Build.0 = Debug|Any CPU
		{882C27E6-940A-4F41-AF21-CB52CA9392B2}.Debug|ARM.ActiveCfg = Debug|Any CPU
		{882C27E6-940A-4F41-AF21-CB52CA9392B2}.Debug|Mixed Platforms.ActiveCfg = Debug|Any CPU
		{882C27E6-940A-4F41-AF21-CB52CA9392B2}.Debug|Mixed Platforms.Build.0 = Debug|Any CPU
		{882C27E6-940A-4F41-AF21-CB52CA9392B2}.Debug|Win32.ActiveCfg = Debug|Any CPU
		{882C27E6-940A-4F41-AF21-CB52CA9392B2}.Debug|x64.ActiveCfg = Debug|Any CPU
		{882C27E6-940A-4F41-AF21-CB52CA9392B2}.Debug|x86.ActiveCfg = Debug|Any CPU
		{882C27E6-940A-4F41-AF21-CB52CA9392B2}.Release|Any CPU.ActiveCfg = Release|Any CPU
		{882C27E6-940A-4F41-AF21-CB52CA9392B2}.Release|Any CPU.Build.0 = Release|Any CPU
		{882C27E6-940A-4F41-AF21-CB52CA9392B2}.Release|ARM.ActiveCfg = Release|Any CPU
		{882C27E6-940A-4F41-AF21-CB52CA9392B2}.Release|Mixed Platforms.ActiveCfg = Release|Any CPU
		{882C27E6-940A-4F41-AF21-CB52CA9392B2}.Release|Mixed Platforms.Build.0 = Release|Any CPU
		{882C27E6-940A-4F41-AF21-CB52CA9392B2}.Release|Win32.ActiveCfg = Release|Any CPU
		{882C27E6-940A-4F41-AF21-CB52CA9392B2}.Release|Win32.Build.0 = Release|Any CPU
		{882C27E6-940A-4F41-AF21-CB52CA9392B2}.Release|x64.ActiveCfg = Release|Any CPU
		{882C27E6-940A-4F41-AF21-CB52CA9392B2}.Release|x86.ActiveCfg = Release|Any CPU
		{882C27E6-940A-4F41-AF21-CB52CA9392B2}.Release|x86.Build.0 = Release|Any CPU
		{1B29EA5B-FBD7-4B7B-A171-DDA2566FA01F}.Debug|Any CPU.ActiveCfg = Debug|Any CPU
		{1B29EA5B-FBD7-4B7B-A171-DDA2566FA01F}.Debug|Any CPU.Build.0 = Debug|Any CPU
		{1B29EA5B-FBD7-4B7B-A171-DDA2566FA01F}.Debug|ARM.ActiveCfg = Debug|ARM
		{1B29EA5B-FBD7-4B7B-A171-DDA2566FA01F}.Debug|ARM.Build.0 = Debug|ARM
		{1B29EA5B-FBD7-4B7B-A171-DDA2566FA01F}.Debug|Mixed Platforms.ActiveCfg = Debug|x86
		{1B29EA5B-FBD7-4B7B-A171-DDA2566FA01F}.Debug|Mixed Platforms.Build.0 = Debug|x86
		{1B29EA5B-FBD7-4B7B-A171-DDA2566FA01F}.Debug|Win32.ActiveCfg = Debug|x86
		{1B29EA5B-FBD7-4B7B-A171-DDA2566FA01F}.Debug|Win32.Build.0 = Debug|x86
		{1B29EA5B-FBD7-4B7B-A171-DDA2566FA01F}.Debug|x64.ActiveCfg = Debug|Any CPU
		{1B29EA5B-FBD7-4B7B-A171-DDA2566FA01F}.Debug|x86.ActiveCfg = Debug|x86
		{1B29EA5B-FBD7-4B7B-A171-DDA2566FA01F}.Debug|x86.Build.0 = Debug|x86
		{1B29EA5B-FBD7-4B7B-A171-DDA2566FA01F}.Release|Any CPU.ActiveCfg = Release|Any CPU
		{1B29EA5B-FBD7-4B7B-A171-DDA2566FA01F}.Release|Any CPU.Build.0 = Release|Any CPU
		{1B29EA5B-FBD7-4B7B-A171-DDA2566FA01F}.Release|ARM.ActiveCfg = Release|ARM
		{1B29EA5B-FBD7-4B7B-A171-DDA2566FA01F}.Release|ARM.Build.0 = Release|ARM
		{1B29EA5B-FBD7-4B7B-A171-DDA2566FA01F}.Release|Mixed Platforms.ActiveCfg = Release|x86
		{1B29EA5B-FBD7-4B7B-A171-DDA2566FA01F}.Release|Mixed Platforms.Build.0 = Release|x86
		{1B29EA5B-FBD7-4B7B-A171-DDA2566FA01F}.Release|Win32.ActiveCfg = Release|x86
		{1B29EA5B-FBD7-4B7B-A171-DDA2566FA01F}.Release|Win32.Build.0 = Release|x86
		{1B29EA5B-FBD7-4B7B-A171-DDA2566FA01F}.Release|x64.ActiveCfg = Release|Any CPU
		{1B29EA5B-FBD7-4B7B-A171-DDA2566FA01F}.Release|x86.ActiveCfg = Release|x86
		{1B29EA5B-FBD7-4B7B-A171-DDA2566FA01F}.Release|x86.Build.0 = Release|x86
		{90A54291-A4C2-4920-A5B2-7A29C6B6061D}.Debug|Any CPU.ActiveCfg = Debug|Any CPU
		{90A54291-A4C2-4920-A5B2-7A29C6B6061D}.Debug|Any CPU.Build.0 = Debug|Any CPU
		{90A54291-A4C2-4920-A5B2-7A29C6B6061D}.Debug|ARM.ActiveCfg = Debug|Any CPU
		{90A54291-A4C2-4920-A5B2-7A29C6B6061D}.Debug|Mixed Platforms.ActiveCfg = Debug|Any CPU
		{90A54291-A4C2-4920-A5B2-7A29C6B6061D}.Debug|Mixed Platforms.Build.0 = Debug|Any CPU
		{90A54291-A4C2-4920-A5B2-7A29C6B6061D}.Debug|Win32.ActiveCfg = Debug|Any CPU
		{90A54291-A4C2-4920-A5B2-7A29C6B6061D}.Debug|x64.ActiveCfg = Debug|Any CPU
		{90A54291-A4C2-4920-A5B2-7A29C6B6061D}.Debug|x86.ActiveCfg = Debug|Any CPU
		{90A54291-A4C2-4920-A5B2-7A29C6B6061D}.Release|Any CPU.ActiveCfg = Release|Any CPU
		{90A54291-A4C2-4920-A5B2-7A29C6B6061D}.Release|Any CPU.Build.0 = Release|Any CPU
		{90A54291-A4C2-4920-A5B2-7A29C6B6061D}.Release|ARM.ActiveCfg = Release|Any CPU
		{90A54291-A4C2-4920-A5B2-7A29C6B6061D}.Release|ARM.Build.0 = Release|Any CPU
		{90A54291-A4C2-4920-A5B2-7A29C6B6061D}.Release|Mixed Platforms.ActiveCfg = Release|Any CPU
		{90A54291-A4C2-4920-A5B2-7A29C6B6061D}.Release|Mixed Platforms.Build.0 = Release|Any CPU
		{90A54291-A4C2-4920-A5B2-7A29C6B6061D}.Release|Win32.ActiveCfg = Release|Any CPU
		{90A54291-A4C2-4920-A5B2-7A29C6B6061D}.Release|Win32.Build.0 = Release|Any CPU
		{90A54291-A4C2-4920-A5B2-7A29C6B6061D}.Release|x64.ActiveCfg = Release|Any CPU
		{90A54291-A4C2-4920-A5B2-7A29C6B6061D}.Release|x86.ActiveCfg = Release|Any CPU
		{90A54291-A4C2-4920-A5B2-7A29C6B6061D}.Release|x86.Build.0 = Release|Any CPU
		{52E2A22D-8499-46AE-A48E-F4324E9E331D}.Debug|Any CPU.ActiveCfg = Debug|Any CPU
		{52E2A22D-8499-46AE-A48E-F4324E9E331D}.Debug|Any CPU.Build.0 = Debug|Any CPU
		{52E2A22D-8499-46AE-A48E-F4324E9E331D}.Debug|ARM.ActiveCfg = Debug|ARM
		{52E2A22D-8499-46AE-A48E-F4324E9E331D}.Debug|ARM.Build.0 = Debug|ARM
		{52E2A22D-8499-46AE-A48E-F4324E9E331D}.Debug|Mixed Platforms.ActiveCfg = Debug|x86
		{52E2A22D-8499-46AE-A48E-F4324E9E331D}.Debug|Mixed Platforms.Build.0 = Debug|x86
		{52E2A22D-8499-46AE-A48E-F4324E9E331D}.Debug|Win32.ActiveCfg = Debug|x86
		{52E2A22D-8499-46AE-A48E-F4324E9E331D}.Debug|Win32.Build.0 = Debug|x86
		{52E2A22D-8499-46AE-A48E-F4324E9E331D}.Debug|x64.ActiveCfg = Debug|Any CPU
		{52E2A22D-8499-46AE-A48E-F4324E9E331D}.Debug|x86.ActiveCfg = Debug|x86
		{52E2A22D-8499-46AE-A48E-F4324E9E331D}.Debug|x86.Build.0 = Debug|x86
		{52E2A22D-8499-46AE-A48E-F4324E9E331D}.Release|Any CPU.ActiveCfg = Release|Any CPU
		{52E2A22D-8499-46AE-A48E-F4324E9E331D}.Release|Any CPU.Build.0 = Release|Any CPU
		{52E2A22D-8499-46AE-A48E-F4324E9E331D}.Release|ARM.ActiveCfg = Release|ARM
		{52E2A22D-8499-46AE-A48E-F4324E9E331D}.Release|ARM.Build.0 = Release|ARM
		{52E2A22D-8499-46AE-A48E-F4324E9E331D}.Release|Mixed Platforms.ActiveCfg = Release|x86
		{52E2A22D-8499-46AE-A48E-F4324E9E331D}.Release|Mixed Platforms.Build.0 = Release|x86
		{52E2A22D-8499-46AE-A48E-F4324E9E331D}.Release|Win32.ActiveCfg = Release|x86
		{52E2A22D-8499-46AE-A48E-F4324E9E331D}.Release|Win32.Build.0 = Release|x86
		{52E2A22D-8499-46AE-A48E-F4324E9E331D}.Release|x64.ActiveCfg = Release|Any CPU
		{52E2A22D-8499-46AE-A48E-F4324E9E331D}.Release|x86.ActiveCfg = Release|x86
		{52E2A22D-8499-46AE-A48E-F4324E9E331D}.Release|x86.Build.0 = Release|x86
		{758A3974-8586-4523-A558-771E17FFC501}.Debug|Any CPU.ActiveCfg = Debug|Any CPU
		{758A3974-8586-4523-A558-771E17FFC501}.Debug|Any CPU.Build.0 = Debug|Any CPU
		{758A3974-8586-4523-A558-771E17FFC501}.Debug|ARM.ActiveCfg = Debug|Any CPU
		{758A3974-8586-4523-A558-771E17FFC501}.Debug|Mixed Platforms.ActiveCfg = Debug|Any CPU
		{758A3974-8586-4523-A558-771E17FFC501}.Debug|Mixed Platforms.Build.0 = Debug|Any CPU
		{758A3974-8586-4523-A558-771E17FFC501}.Debug|Win32.ActiveCfg = Debug|Any CPU
		{758A3974-8586-4523-A558-771E17FFC501}.Debug|x64.ActiveCfg = Debug|Any CPU
		{758A3974-8586-4523-A558-771E17FFC501}.Debug|x86.ActiveCfg = Debug|Any CPU
		{758A3974-8586-4523-A558-771E17FFC501}.Release|Any CPU.ActiveCfg = Release|Any CPU
		{758A3974-8586-4523-A558-771E17FFC501}.Release|Any CPU.Build.0 = Release|Any CPU
		{758A3974-8586-4523-A558-771E17FFC501}.Release|ARM.ActiveCfg = Release|Any CPU
		{758A3974-8586-4523-A558-771E17FFC501}.Release|Mixed Platforms.ActiveCfg = Release|Any CPU
		{758A3974-8586-4523-A558-771E17FFC501}.Release|Mixed Platforms.Build.0 = Release|Any CPU
		{758A3974-8586-4523-A558-771E17FFC501}.Release|Win32.ActiveCfg = Release|Any CPU
		{758A3974-8586-4523-A558-771E17FFC501}.Release|x64.ActiveCfg = Release|Any CPU
		{758A3974-8586-4523-A558-771E17FFC501}.Release|x86.ActiveCfg = Release|Any CPU
		{27798E25-C44F-477A-8085-A2E221A06E98}.Debug|Any CPU.ActiveCfg = Debug|Any CPU
		{27798E25-C44F-477A-8085-A2E221A06E98}.Debug|Any CPU.Build.0 = Debug|Any CPU
		{27798E25-C44F-477A-8085-A2E221A06E98}.Debug|ARM.ActiveCfg = Debug|Any CPU
		{27798E25-C44F-477A-8085-A2E221A06E98}.Debug|Mixed Platforms.ActiveCfg = Debug|Any CPU
		{27798E25-C44F-477A-8085-A2E221A06E98}.Debug|Mixed Platforms.Build.0 = Debug|Any CPU
		{27798E25-C44F-477A-8085-A2E221A06E98}.Debug|Win32.ActiveCfg = Debug|Any CPU
		{27798E25-C44F-477A-8085-A2E221A06E98}.Debug|x64.ActiveCfg = Debug|Any CPU
		{27798E25-C44F-477A-8085-A2E221A06E98}.Debug|x86.ActiveCfg = Debug|Any CPU
		{27798E25-C44F-477A-8085-A2E221A06E98}.Release|Any CPU.ActiveCfg = Release|Any CPU
		{27798E25-C44F-477A-8085-A2E221A06E98}.Release|Any CPU.Build.0 = Release|Any CPU
		{27798E25-C44F-477A-8085-A2E221A06E98}.Release|ARM.ActiveCfg = Release|Any CPU
		{27798E25-C44F-477A-8085-A2E221A06E98}.Release|Mixed Platforms.ActiveCfg = Release|Any CPU
		{27798E25-C44F-477A-8085-A2E221A06E98}.Release|Mixed Platforms.Build.0 = Release|Any CPU
		{27798E25-C44F-477A-8085-A2E221A06E98}.Release|Win32.ActiveCfg = Release|Any CPU
		{27798E25-C44F-477A-8085-A2E221A06E98}.Release|x64.ActiveCfg = Release|Any CPU
		{27798E25-C44F-477A-8085-A2E221A06E98}.Release|x86.ActiveCfg = Release|Any CPU
		{0832E046-C01D-4F90-A2A4-1653C162BB0A}.Debug|Any CPU.ActiveCfg = Debug|Any CPU
		{0832E046-C01D-4F90-A2A4-1653C162BB0A}.Debug|Any CPU.Build.0 = Debug|Any CPU
		{0832E046-C01D-4F90-A2A4-1653C162BB0A}.Debug|ARM.ActiveCfg = Debug|Any CPU
		{0832E046-C01D-4F90-A2A4-1653C162BB0A}.Debug|Mixed Platforms.ActiveCfg = Debug|Any CPU
		{0832E046-C01D-4F90-A2A4-1653C162BB0A}.Debug|Mixed Platforms.Build.0 = Debug|Any CPU
		{0832E046-C01D-4F90-A2A4-1653C162BB0A}.Debug|Win32.ActiveCfg = Debug|Any CPU
		{0832E046-C01D-4F90-A2A4-1653C162BB0A}.Debug|x64.ActiveCfg = Debug|Any CPU
		{0832E046-C01D-4F90-A2A4-1653C162BB0A}.Debug|x86.ActiveCfg = Debug|Any CPU
		{0832E046-C01D-4F90-A2A4-1653C162BB0A}.Release|Any CPU.ActiveCfg = Release|Any CPU
		{0832E046-C01D-4F90-A2A4-1653C162BB0A}.Release|Any CPU.Build.0 = Release|Any CPU
		{0832E046-C01D-4F90-A2A4-1653C162BB0A}.Release|ARM.ActiveCfg = Release|Any CPU
		{0832E046-C01D-4F90-A2A4-1653C162BB0A}.Release|Mixed Platforms.ActiveCfg = Release|Any CPU
		{0832E046-C01D-4F90-A2A4-1653C162BB0A}.Release|Mixed Platforms.Build.0 = Release|Any CPU
		{0832E046-C01D-4F90-A2A4-1653C162BB0A}.Release|Win32.ActiveCfg = Release|Any CPU
		{0832E046-C01D-4F90-A2A4-1653C162BB0A}.Release|x64.ActiveCfg = Release|Any CPU
		{0832E046-C01D-4F90-A2A4-1653C162BB0A}.Release|x86.ActiveCfg = Release|Any CPU
	EndGlobalSection
	GlobalSection(SolutionProperties) = preSolution
		HideSolutionNode = FALSE
	EndGlobalSection
	GlobalSection(NestedProjects) = preSolution
		{EC29015B-1760-405B-85F4-996D92B70A2E} = {E7576A06-32EF-4F37-A787-D3FB2FF175AD}
		{6BAE430E-5C7E-4612-8BA0-AF098F13E91C} = {E7576A06-32EF-4F37-A787-D3FB2FF175AD}
		{18BC7BBA-1215-47AD-B5DE-FCAFA8DCC063} = {7F58E90D-1DF6-4EAC-9F49-37A177FF764E}
		{40726D91-5E18-4B72-A1D5-4611D6B6A909} = {7F58E90D-1DF6-4EAC-9F49-37A177FF764E}
		{A42B6AC9-6F04-4FAF-BAB9-F922FB4BE257} = {7F58E90D-1DF6-4EAC-9F49-37A177FF764E}
		{AC44647E-57D9-49C6-A0EB-854D030C6ED4} = {E7576A06-32EF-4F37-A787-D3FB2FF175AD}
		{4EB46DCF-4415-406B-8F81-82EC12ABDE9D} = {AC44647E-57D9-49C6-A0EB-854D030C6ED4}
		{42A6E44C-86F0-4601-923C-6E7CD6563CE6} = {AC44647E-57D9-49C6-A0EB-854D030C6ED4}
		{570BCB6F-7BDA-452D-A955-E2B68F34E6E1} = {AC44647E-57D9-49C6-A0EB-854D030C6ED4}
		{138AF87A-AC0B-41D7-B927-4F55D731BED7} = {7F58E90D-1DF6-4EAC-9F49-37A177FF764E}
		{278F3967-EE24-4B3E-B79E-CB9EBCDC3C93} = {7F58E90D-1DF6-4EAC-9F49-37A177FF764E}
		{FB13B557-64F9-4628-B0BA-C7D723D94A6A} = {E7576A06-32EF-4F37-A787-D3FB2FF175AD}
		{E496EB70-212E-4B7D-898E-E81FBB3E8ED2} = {AC44647E-57D9-49C6-A0EB-854D030C6ED4}
		{B7E1DB20-74EE-49E8-A48E-552ED9F1FCB9} = {FD342282-11A1-4894-B529-6B4E1707C4F6}
		{C47C7EF0-3CA4-4699-9B84-94FA3ECA0C9D} = {FD342282-11A1-4894-B529-6B4E1707C4F6}
		{A520AD56-821E-4C36-86E0-E13EFC629986} = {AC44647E-57D9-49C6-A0EB-854D030C6ED4}
		{65A0A605-7E02-4DA3-8B05-0FBDE5E63249} = {E7576A06-32EF-4F37-A787-D3FB2FF175AD}
		{882C27E6-940A-4F41-AF21-CB52CA9392B2} = {65A0A605-7E02-4DA3-8B05-0FBDE5E63249}
		{1B29EA5B-FBD7-4B7B-A171-DDA2566FA01F} = {65A0A605-7E02-4DA3-8B05-0FBDE5E63249}
		{90A54291-A4C2-4920-A5B2-7A29C6B6061D} = {7F58E90D-1DF6-4EAC-9F49-37A177FF764E}
		{52E2A22D-8499-46AE-A48E-F4324E9E331D} = {7F58E90D-1DF6-4EAC-9F49-37A177FF764E}
		{758A3974-8586-4523-A558-771E17FFC501} = {FD342282-11A1-4894-B529-6B4E1707C4F6}
		{27798E25-C44F-477A-8085-A2E221A06E98} = {FD342282-11A1-4894-B529-6B4E1707C4F6}
		{0832E046-C01D-4F90-A2A4-1653C162BB0A} = {FD342282-11A1-4894-B529-6B4E1707C4F6}
	EndGlobalSection
EndGlobal
